
Microsoft Visual Studio Solution File, Format Version 12.00
# Visual Studio Version 16
VisualStudioVersion = 16.0.30804.86
MinimumVisualStudioVersion = 10.0.40219.1
Project("{FAE04EC0-301F-11D3-BF4B-00C04F79EFBC}") = "TegoareWeb", "TegoareWeb.csproj", "{166BE2C7-A132-4592-8C91-75EF96B78E24}"
EndProject
Global
	GlobalSection(SolutionConfigurationPlatforms) = preSolution
		Debug|Any CPU = Debug|Any CPU
		Release|Any CPU = Release|Any CPU
	EndGlobalSection
	GlobalSection(ProjectConfigurationPlatforms) = postSolution
		{166BE2C7-A132-4592-8C91-75EF96B78E24}.Debug|Any CPU.ActiveCfg = Debug|Any CPU
		{166BE2C7-A132-4592-8C91-75EF96B78E24}.Debug|Any CPU.Build.0 = Debug|Any CPU
		{166BE2C7-A132-4592-8C91-75EF96B78E24}.Release|Any CPU.ActiveCfg = Release|Any CPU
		{166BE2C7-A132-4592-8C91-75EF96B78E24}.Release|Any CPU.Build.0 = Release|Any CPU
	EndGlobalSection
	GlobalSection(SolutionProperties) = preSolution
		HideSolutionNode = FALSE
	EndGlobalSection
	GlobalSection(ExtensibilityGlobals) = postSolution
		SolutionGuid = {D9C776D6-B16B-48DC-99BF-B56D7BAC001F}
	EndGlobalSection
EndGlobal
